
Microsoft Visual Studio Solution File, Format Version 12.00
# Visual Studio Version 16
VisualStudioVersion = 16.0.31624.102
MinimumVisualStudioVersion = 10.0.40219.1
Project("{FAE04EC0-301F-11D3-BF4B-00C04F79EFBC}") = "Development Godot Projects", "Development Godot Projects.csproj", "{81EB8A72-9438-422A-90BD-2147C2338DEB}"
EndProject
Global
	GlobalSection(SolutionConfigurationPlatforms) = preSolution
		Debug|Any CPU = Debug|Any CPU
		ExportDebug|Any CPU = ExportDebug|Any CPU
		ExportRelease|Any CPU = ExportRelease|Any CPU
	EndGlobalSection
	GlobalSection(ProjectConfigurationPlatforms) = postSolution
		{81EB8A72-9438-422A-90BD-2147C2338DEB}.Debug|Any CPU.ActiveCfg = Debug|Any CPU
		{81EB8A72-9438-422A-90BD-2147C2338DEB}.Debug|Any CPU.Build.0 = Debug|Any CPU
		{81EB8A72-9438-422A-90BD-2147C2338DEB}.ExportDebug|Any CPU.ActiveCfg = ExportDebug|Any CPU
		{81EB8A72-9438-422A-90BD-2147C2338DEB}.ExportDebug|Any CPU.Build.0 = ExportDebug|Any CPU
		{81EB8A72-9438-422A-90BD-2147C2338DEB}.ExportRelease|Any CPU.ActiveCfg = ExportRelease|Any CPU
		{81EB8A72-9438-422A-90BD-2147C2338DEB}.ExportRelease|Any CPU.Build.0 = ExportRelease|Any CPU
	EndGlobalSection
	GlobalSection(SolutionProperties) = preSolution
		HideSolutionNode = FALSE
	EndGlobalSection
	GlobalSection(ExtensibilityGlobals) = postSolution
		SolutionGuid = {C4FE3CAD-18EE-4420-841B-BCE12731C703}
	EndGlobalSection
EndGlobal
